// !$*UTF8*$!
{
	archiveVersion = 1;
	classes = {
	};
	objectVersion = 56;
	objects = {

/* Begin PBXBuildFile section */
		7248911C2A4F319D00A99D78 /* LoadingCell.xib in Resources */ = {isa = PBXBuildFile; fileRef = 7248911B2A4F319D00A99D78 /* LoadingCell.xib */; };
		726A08492A4D18E300A8CF4D /* SearchResult.swift in Sources */ = {isa = PBXBuildFile; fileRef = 726A08482A4D18E300A8CF4D /* SearchResult.swift */; };
		726A084D2A4D2B5B00A8CF4D /* SearchResultCell.xib in Resources */ = {isa = PBXBuildFile; fileRef = 726A084C2A4D2B5B00A8CF4D /* SearchResultCell.xib */; };
		726A08502A4D317A00A8CF4D /* SearchResultCell.swift in Sources */ = {isa = PBXBuildFile; fileRef = 726A084F2A4D317A00A8CF4D /* SearchResultCell.swift */; };
		726A08522A4D34D600A8CF4D /* Constant.swift in Sources */ = {isa = PBXBuildFile; fileRef = 726A08512A4D34D600A8CF4D /* Constant.swift */; };
		726A08542A4D362200A8CF4D /* NothingFoundCell.xib in Resources */ = {isa = PBXBuildFile; fileRef = 726A08532A4D362100A8CF4D /* NothingFoundCell.xib */; };
		727040382A4C2811006FC4D2 /* AppDelegate.swift in Sources */ = {isa = PBXBuildFile; fileRef = 727040372A4C2811006FC4D2 /* AppDelegate.swift */; };
		7270403A2A4C2811006FC4D2 /* SceneDelegate.swift in Sources */ = {isa = PBXBuildFile; fileRef = 727040392A4C2811006FC4D2 /* SceneDelegate.swift */; };
		7270403C2A4C2811006FC4D2 /* SearchViewController.swift in Sources */ = {isa = PBXBuildFile; fileRef = 7270403B2A4C2811006FC4D2 /* SearchViewController.swift */; };
		7270403F2A4C2811006FC4D2 /* Main.storyboard in Resources */ = {isa = PBXBuildFile; fileRef = 7270403D2A4C2811006FC4D2 /* Main.storyboard */; };
		727040412A4C2812006FC4D2 /* Assets.xcassets in Resources */ = {isa = PBXBuildFile; fileRef = 727040402A4C2812006FC4D2 /* Assets.xcassets */; };
		727040442A4C2812006FC4D2 /* LaunchScreen.storyboard in Resources */ = {isa = PBXBuildFile; fileRef = 727040422A4C2812006FC4D2 /* LaunchScreen.storyboard */; };
/* End PBXBuildFile section */

/* Begin PBXFileReference section */
		7248911B2A4F319D00A99D78 /* LoadingCell.xib */ = {isa = PBXFileReference; lastKnownFileType = file.xib; path = LoadingCell.xib; sourceTree = "<group>"; };
		726A08482A4D18E300A8CF4D /* SearchResult.swift */ = {isa = PBXFileReference; lastKnownFileType = sourcecode.swift; path = SearchResult.swift; sourceTree = "<group>"; };
		726A084C2A4D2B5B00A8CF4D /* SearchResultCell.xib */ = {isa = PBXFileReference; lastKnownFileType = file.xib; path = SearchResultCell.xib; sourceTree = "<group>"; };
		726A084F2A4D317A00A8CF4D /* SearchResultCell.swift */ = {isa = PBXFileReference; lastKnownFileType = sourcecode.swift; path = SearchResultCell.swift; sourceTree = "<group>"; };
		726A08512A4D34D600A8CF4D /* Constant.swift */ = {isa = PBXFileReference; lastKnownFileType = sourcecode.swift; path = Constant.swift; sourceTree = "<group>"; };
		726A08532A4D362100A8CF4D /* NothingFoundCell.xib */ = {isa = PBXFileReference; lastKnownFileType = file.xib; path = NothingFoundCell.xib; sourceTree = "<group>"; };
		727040342A4C2811006FC4D2 /* StoreSearch.app */ = {isa = PBXFileReference; explicitFileType = wrapper.application; includeInIndex = 0; path = StoreSearch.app; sourceTree = BUILT_PRODUCTS_DIR; };
		727040372A4C2811006FC4D2 /* AppDelegate.swift */ = {isa = PBXFileReference; lastKnownFileType = sourcecode.swift; path = AppDelegate.swift; sourceTree = "<group>"; };
		727040392A4C2811006FC4D2 /* SceneDelegate.swift */ = {isa = PBXFileReference; lastKnownFileType = sourcecode.swift; path = SceneDelegate.swift; sourceTree = "<group>"; };
		7270403B2A4C2811006FC4D2 /* SearchViewController.swift */ = {isa = PBXFileReference; lastKnownFileType = sourcecode.swift; path = SearchViewController.swift; sourceTree = "<group>"; };
		7270403E2A4C2811006FC4D2 /* Base */ = {isa = PBXFileReference; lastKnownFileType = file.storyboard; name = Base; path = Base.lproj/Main.storyboard; sourceTree = "<group>"; };
		727040402A4C2812006FC4D2 /* Assets.xcassets */ = {isa = PBXFileReference; lastKnownFileType = folder.assetcatalog; path = Assets.xcassets; sourceTree = "<group>"; };
		727040432A4C2812006FC4D2 /* Base */ = {isa = PBXFileReference; lastKnownFileType = file.storyboard; name = Base; path = Base.lproj/LaunchScreen.storyboard; sourceTree = "<group>"; };
		727040452A4C2812006FC4D2 /* Info.plist */ = {isa = PBXFileReference; lastKnownFileType = text.plist.xml; path = Info.plist; sourceTree = "<group>"; };
/* End PBXFileReference section */

/* Begin PBXFrameworksBuildPhase section */
		727040312A4C2811006FC4D2 /* Frameworks */ = {
			isa = PBXFrameworksBuildPhase;
			buildActionMask = 2147483647;
			files = (
			);
			runOnlyForDeploymentPostprocessing = 0;
		};
/* End PBXFrameworksBuildPhase section */

/* Begin PBXGroup section */
		726A084A2A4D18ED00A8CF4D /* Model */ = {
			isa = PBXGroup;
			children = (
				726A08482A4D18E300A8CF4D /* SearchResult.swift */,
			);
			path = Model;
			sourceTree = "<group>";
		};
		726A084B2A4D18FD00A8CF4D /* Controller */ = {
			isa = PBXGroup;
			children = (
				7270403B2A4C2811006FC4D2 /* SearchViewController.swift */,
				726A084F2A4D317A00A8CF4D /* SearchResultCell.swift */,
			);
			path = Controller;
			sourceTree = "<group>";
		};
		726A084E2A4D2B7000A8CF4D /* View */ = {
			isa = PBXGroup;
			children = (
				7270403D2A4C2811006FC4D2 /* Main.storyboard */,
				7248911B2A4F319D00A99D78 /* LoadingCell.xib */,
				726A084C2A4D2B5B00A8CF4D /* SearchResultCell.xib */,
				726A08532A4D362100A8CF4D /* NothingFoundCell.xib */,
			);
			path = View;
			sourceTree = "<group>";
		};
		7270402B2A4C2811006FC4D2 = {
			isa = PBXGroup;
			children = (
				727040362A4C2811006FC4D2 /* StoreSearch */,
				727040352A4C2811006FC4D2 /* Products */,
			);
			sourceTree = "<group>";
		};
		727040352A4C2811006FC4D2 /* Products */ = {
			isa = PBXGroup;
			children = (
				727040342A4C2811006FC4D2 /* StoreSearch.app */,
			);
			name = Products;
			sourceTree = "<group>";
		};
		727040362A4C2811006FC4D2 /* StoreSearch */ = {
			isa = PBXGroup;
			children = (
				727040372A4C2811006FC4D2 /* AppDelegate.swift */,
				727040392A4C2811006FC4D2 /* SceneDelegate.swift */,
				726A08512A4D34D600A8CF4D /* Constant.swift */,
				726A084B2A4D18FD00A8CF4D /* Controller */,
				726A084A2A4D18ED00A8CF4D /* Model */,
				726A084E2A4D2B7000A8CF4D /* View */,
				727040402A4C2812006FC4D2 /* Assets.xcassets */,
				727040422A4C2812006FC4D2 /* LaunchScreen.storyboard */,
				727040452A4C2812006FC4D2 /* Info.plist */,
			);
			path = StoreSearch;
			sourceTree = "<group>";
		};
/* End PBXGroup section */

/* Begin PBXNativeTarget section */
		727040332A4C2811006FC4D2 /* StoreSearch */ = {
			isa = PBXNativeTarget;
			buildConfigurationList = 727040482A4C2812006FC4D2 /* Build configuration list for PBXNativeTarget "StoreSearch" */;
			buildPhases = (
				727040302A4C2811006FC4D2 /* Sources */,
				727040312A4C2811006FC4D2 /* Frameworks */,
				727040322A4C2811006FC4D2 /* Resources */,
			);
			buildRules = (
			);
			dependencies = (
			);
			name = StoreSearch;
			productName = StoreSearch;
			productReference = 727040342A4C2811006FC4D2 /* StoreSearch.app */;
			productType = "com.apple.product-type.application";
		};
/* End PBXNativeTarget section */

/* Begin PBXProject section */
		7270402C2A4C2811006FC4D2 /* Project object */ = {
			isa = PBXProject;
			attributes = {
				BuildIndependentTargetsInParallel = 1;
				LastSwiftUpdateCheck = 1430;
				LastUpgradeCheck = 1430;
				TargetAttributes = {
					727040332A4C2811006FC4D2 = {
						CreatedOnToolsVersion = 14.3.1;
					};
				};
			};
			buildConfigurationList = 7270402F2A4C2811006FC4D2 /* Build configuration list for PBXProject "StoreSearch" */;
			compatibilityVersion = "Xcode 14.0";
			developmentRegion = en;
			hasScannedForEncodings = 0;
			knownRegions = (
				en,
				Base,
			);
			mainGroup = 7270402B2A4C2811006FC4D2;
			productRefGroup = 727040352A4C2811006FC4D2 /* Products */;
			projectDirPath = "";
			projectRoot = "";
			targets = (
				727040332A4C2811006FC4D2 /* StoreSearch */,
			);
		};
/* End PBXProject section */

/* Begin PBXResourcesBuildPhase section */
		727040322A4C2811006FC4D2 /* Resources */ = {
			isa = PBXResourcesBuildPhase;
			buildActionMask = 2147483647;
			files = (
				727040442A4C2812006FC4D2 /* LaunchScreen.storyboard in Resources */,
				727040412A4C2812006FC4D2 /* Assets.xcassets in Resources */,
				7248911C2A4F319D00A99D78 /* LoadingCell.xib in Resources */,
				726A084D2A4D2B5B00A8CF4D /* SearchResultCell.xib in Resources */,
				726A08542A4D362200A8CF4D /* NothingFoundCell.xib in Resources */,
				7270403F2A4C2811006FC4D2 /* Main.storyboard in Resources */,
			);
			runOnlyForDeploymentPostprocessing = 0;
		};
/* End PBXResourcesBuildPhase section */

/* Begin PBXSourcesBuildPhase section */
		727040302A4C2811006FC4D2 /* Sources */ = {
			isa = PBXSourcesBuildPhase;
			buildActionMask = 2147483647;
			files = (
				7270403C2A4C2811006FC4D2 /* SearchViewController.swift in Sources */,
				727040382A4C2811006FC4D2 /* AppDelegate.swift in Sources */,
				726A08492A4D18E300A8CF4D /* SearchResult.swift in Sources */,
				7270403A2A4C2811006FC4D2 /* SceneDelegate.swift in Sources */,
				726A08502A4D317A00A8CF4D /* SearchResultCell.swift in Sources */,
				726A08522A4D34D600A8CF4D /* Constant.swift in Sources */,
			);
			runOnlyForDeploymentPostprocessing = 0;
		};
/* End PBXSourcesBuildPhase section */

/* Begin PBXVariantGroup section */
		7270403D2A4C2811006FC4D2 /* Main.storyboard */ = {
			isa = PBXVariantGroup;
			children = (
				7270403E2A4C2811006FC4D2 /* Base */,
			);
			name = Main.storyboard;
			sourceTree = "<group>";
		};
		727040422A4C2812006FC4D2 /* LaunchScreen.storyboard */ = {
			isa = PBXVariantGroup;
			children = (
				727040432A4C2812006FC4D2 /* Base */,
			);
			name = LaunchScreen.storyboard;
			sourceTree = "<group>";
		};
/* End PBXVariantGroup section */

/* Begin XCBuildConfiguration section */
		727040462A4C2812006FC4D2 /* Debug */ = {
			isa = XCBuildConfiguration;
			buildSettings = {
				ALWAYS_SEARCH_USER_PATHS = NO;
				CLANG_ANALYZER_NONNULL = YES;
				CLANG_ANALYZER_NUMBER_OBJECT_CONVERSION = YES_AGGRESSIVE;
				CLANG_CXX_LANGUAGE_STANDARD = "gnu++20";
				CLANG_ENABLE_MODULES = YES;
				CLANG_ENABLE_OBJC_ARC = YES;
				CLANG_ENABLE_OBJC_WEAK = YES;
				CLANG_WARN_BLOCK_CAPTURE_AUTORELEASING = YES;
				CLANG_WARN_BOOL_CONVERSION = YES;
				CLANG_WARN_COMMA = YES;
				CLANG_WARN_CONSTANT_CONVERSION = YES;
				CLANG_WARN_DEPRECATED_OBJC_IMPLEMENTATIONS = YES;
				CLANG_WARN_DIRECT_OBJC_ISA_USAGE = YES_ERROR;
				CLANG_WARN_DOCUMENTATION_COMMENTS = YES;
				CLANG_WARN_EMPTY_BODY = YES;
				CLANG_WARN_ENUM_CONVERSION = YES;
				CLANG_WARN_INFINITE_RECURSION = YES;
				CLANG_WARN_INT_CONVERSION = YES;
				CLANG_WARN_NON_LITERAL_NULL_CONVERSION = YES;
				CLANG_WARN_OBJC_IMPLICIT_RETAIN_SELF = YES;
				CLANG_WARN_OBJC_LITERAL_CONVERSION = YES;
				CLANG_WARN_OBJC_ROOT_CLASS = YES_ERROR;
				CLANG_WARN_QUOTED_INCLUDE_IN_FRAMEWORK_HEADER = YES;
				CLANG_WARN_RANGE_LOOP_ANALYSIS = YES;
				CLANG_WARN_STRICT_PROTOTYPES = YES;
				CLANG_WARN_SUSPICIOUS_MOVE = YES;
				CLANG_WARN_UNGUARDED_AVAILABILITY = YES_AGGRESSIVE;
				CLANG_WARN_UNREACHABLE_CODE = YES;
				CLANG_WARN__DUPLICATE_METHOD_MATCH = YES;
				COPY_PHASE_STRIP = NO;
				DEBUG_INFORMATION_FORMAT = dwarf;
				ENABLE_STRICT_OBJC_MSGSEND = YES;
				ENABLE_TESTABILITY = YES;
				GCC_C_LANGUAGE_STANDARD = gnu11;
				GCC_DYNAMIC_NO_PIC = NO;
				GCC_NO_COMMON_BLOCKS = YES;
				GCC_OPTIMIZATION_LEVEL = 0;
				GCC_PREPROCESSOR_DEFINITIONS = (
					"DEBUG=1",
					"$(inherited)",
				);
				GCC_WARN_64_TO_32_BIT_CONVERSION = YES;
				GCC_WARN_ABOUT_RETURN_TYPE = YES_ERROR;
				GCC_WARN_UNDECLARED_SELECTOR = YES;
				GCC_WARN_UNINITIALIZED_AUTOS = YES_AGGRESSIVE;
				GCC_WARN_UNUSED_FUNCTION = YES;
				GCC_WARN_UNUSED_VARIABLE = YES;
				IPHONEOS_DEPLOYMENT_TARGET = 16.4;
				MTL_ENABLE_DEBUG_INFO = INCLUDE_SOURCE;
				MTL_FAST_MATH = YES;
				ONLY_ACTIVE_ARCH = YES;
				SDKROOT = iphoneos;
				SWIFT_ACTIVE_COMPILATION_CONDITIONS = DEBUG;
				SWIFT_OPTIMIZATION_LEVEL = "-Onone";
			};
			name = Debug;
		};
		727040472A4C2812006FC4D2 /* Release */ = {
			isa = XCBuildConfiguration;
			buildSettings = {
				ALWAYS_SEARCH_USER_PATHS = NO;
				CLANG_ANALYZER_NONNULL = YES;
				CLANG_ANALYZER_NUMBER_OBJECT_CONVERSION = YES_AGGRESSIVE;
				CLANG_CXX_LANGUAGE_STANDARD = "gnu++20";
				CLANG_ENABLE_MODULES = YES;
				CLANG_ENABLE_OBJC_ARC = YES;
				CLANG_ENABLE_OBJC_WEAK = YES;
				CLANG_WARN_BLOCK_CAPTURE_AUTORELEASING = YES;
				CLANG_WARN_BOOL_CONVERSION = YES;
				CLANG_WARN_COMMA = YES;
				CLANG_WARN_CONSTANT_CONVERSION = YES;
				CLANG_WARN_DEPRECATED_OBJC_IMPLEMENTATIONS = YES;
				CLANG_WARN_DIRECT_OBJC_ISA_USAGE = YES_ERROR;
				CLANG_WARN_DOCUMENTATION_COMMENTS = YES;
				CLANG_WARN_EMPTY_BODY = YES;
				CLANG_WARN_ENUM_CONVERSION = YES;
				CLANG_WARN_INFINITE_RECURSION = YES;
				CLANG_WARN_INT_CONVERSION = YES;
				CLANG_WARN_NON_LITERAL_NULL_CONVERSION = YES;
				CLANG_WARN_OBJC_IMPLICIT_RETAIN_SELF = YES;
				CLANG_WARN_OBJC_LITERAL_CONVERSION = YES;
				CLANG_WARN_OBJC_ROOT_CLASS = YES_ERROR;
				CLANG_WARN_QUOTED_INCLUDE_IN_FRAMEWORK_HEADER = YES;
				CLANG_WARN_RANGE_LOOP_ANALYSIS = YES;
				CLANG_WARN_STRICT_PROTOTYPES = YES;
				CLANG_WARN_SUSPICIOUS_MOVE = YES;
				CLANG_WARN_UNGUARDED_AVAILABILITY = YES_AGGRESSIVE;
				CLANG_WARN_UNREACHABLE_CODE = YES;
				CLANG_WARN__DUPLICATE_METHOD_MATCH = YES;
				COPY_PHASE_STRIP = NO;
				DEBUG_INFORMATION_FORMAT = "dwarf-with-dsym";
				ENABLE_NS_ASSERTIONS = NO;
				ENABLE_STRICT_OBJC_MSGSEND = YES;
				GCC_C_LANGUAGE_STANDARD = gnu11;
				GCC_NO_COMMON_BLOCKS = YES;
				GCC_WARN_64_TO_32_BIT_CONVERSION = YES;
				GCC_WARN_ABOUT_RETURN_TYPE = YES_ERROR;
				GCC_WARN_UNDECLARED_SELECTOR = YES;
				GCC_WARN_UNINITIALIZED_AUTOS = YES_AGGRESSIVE;
				GCC_WARN_UNUSED_FUNCTION = YES;
				GCC_WARN_UNUSED_VARIABLE = YES;
				IPHONEOS_DEPLOYMENT_TARGET = 16.4;
				MTL_ENABLE_DEBUG_INFO = NO;
				MTL_FAST_MATH = YES;
				SDKROOT = iphoneos;
				SWIFT_COMPILATION_MODE = wholemodule;
				SWIFT_OPTIMIZATION_LEVEL = "-O";
				VALIDATE_PRODUCT = YES;
			};
			name = Release;
		};
		727040492A4C2812006FC4D2 /* Debug */ = {
			isa = XCBuildConfiguration;
			buildSettings = {
				ASSETCATALOG_COMPILER_APPICON_NAME = AppIcon;
				ASSETCATALOG_COMPILER_GLOBAL_ACCENT_COLOR_NAME = AccentColor;
				CODE_SIGN_STYLE = Automatic;
				CURRENT_PROJECT_VERSION = 1;
				DEVELOPMENT_TEAM = 678S53ST7A;
				GENERATE_INFOPLIST_FILE = YES;
				INFOPLIST_FILE = StoreSearch/Info.plist;
				INFOPLIST_KEY_UIApplicationSupportsIndirectInputEvents = YES;
				INFOPLIST_KEY_UILaunchStoryboardName = LaunchScreen;
				INFOPLIST_KEY_UIMainStoryboardFile = Main;
				INFOPLIST_KEY_UISupportedInterfaceOrientations_iPad = "UIInterfaceOrientationPortrait UIInterfaceOrientationPortraitUpsideDown UIInterfaceOrientationLandscapeLeft UIInterfaceOrientationLandscapeRight";
				INFOPLIST_KEY_UISupportedInterfaceOrientations_iPhone = "UIInterfaceOrientationPortrait UIInterfaceOrientationLandscapeLeft UIInterfaceOrientationLandscapeRight";
				LD_RUNPATH_SEARCH_PATHS = (
					"$(inherited)",
					"@executable_path/Frameworks",
				);
				MARKETING_VERSION = 1.0;
				PRODUCT_BUNDLE_IDENTIFIER = tranloi.StoreSearch;
				PRODUCT_NAME = "$(TARGET_NAME)";
				SWIFT_EMIT_LOC_STRINGS = YES;
				SWIFT_VERSION = 5.0;
				TARGETED_DEVICE_FAMILY = "1,2";
			};
			name = Debug;
		};
		7270404A2A4C2812006FC4D2 /* Release */ = {
			isa = XCBuildConfiguration;
			buildSettings = {
				ASSETCATALOG_COMPILER_APPICON_NAME = AppIcon;
				ASSETCATALOG_COMPILER_GLOBAL_ACCENT_COLOR_NAME = AccentColor;
				CODE_SIGN_STYLE = Automatic;
				CURRENT_PROJECT_VERSION = 1;
				DEVELOPMENT_TEAM = 678S53ST7A;
				GENERATE_INFOPLIST_FILE = YES;
				INFOPLIST_FILE = StoreSearch/Info.plist;
				INFOPLIST_KEY_UIApplicationSupportsIndirectInputEvents = YES;
				INFOPLIST_KEY_UILaunchStoryboardName = LaunchScreen;
				INFOPLIST_KEY_UIMainStoryboardFile = Main;
				INFOPLIST_KEY_UISupportedInterfaceOrientations_iPad = "UIInterfaceOrientationPortrait UIInterfaceOrientationPortraitUpsideDown UIInterfaceOrientationLandscapeLeft UIInterfaceOrientationLandscapeRight";
				INFOPLIST_KEY_UISupportedInterfaceOrientations_iPhone = "UIInterfaceOrientationPortrait UIInterfaceOrientationLandscapeLeft UIInterfaceOrientationLandscapeRight";
				LD_RUNPATH_SEARCH_PATHS = (
					"$(inherited)",
					"@executable_path/Frameworks",
				);
				MARKETING_VERSION = 1.0;
				PRODUCT_BUNDLE_IDENTIFIER = tranloi.StoreSearch;
				PRODUCT_NAME = "$(TARGET_NAME)";
				SWIFT_EMIT_LOC_STRINGS = YES;
				SWIFT_VERSION = 5.0;
				TARGETED_DEVICE_FAMILY = "1,2";
			};
			name = Release;
		};
/* End XCBuildConfiguration section */

/* Begin XCConfigurationList section */
		7270402F2A4C2811006FC4D2 /* Build configuration list for PBXProject "StoreSearch" */ = {
			isa = XCConfigurationList;
			buildConfigurations = (
				727040462A4C2812006FC4D2 /* Debug */,
				727040472A4C2812006FC4D2 /* Release */,
			);
			defaultConfigurationIsVisible = 0;
			defaultConfigurationName = Release;
		};
		727040482A4C2812006FC4D2 /* Build configuration list for PBXNativeTarget "StoreSearch" */ = {
			isa = XCConfigurationList;
			buildConfigurations = (
				727040492A4C2812006FC4D2 /* Debug */,
				7270404A2A4C2812006FC4D2 /* Release */,
			);
			defaultConfigurationIsVisible = 0;
			defaultConfigurationName = Release;
		};
/* End XCConfigurationList section */
	};
	rootObject = 7270402C2A4C2811006FC4D2 /* Project object */;
}
